
Microsoft Visual Studio Solution File, Format Version 12.00
# Visual Studio 2012
Project("{FAE04EC0-301F-11D3-BF4B-00C04F79EFBC}") = "Assignment5", "Assignment5\Assignment5.csproj", "{0B72AB3D-AAAE-4CAF-A118-EF1B1439AD10}"
EndProject
Project("{FAE04EC0-301F-11D3-BF4B-00C04F79EFBC}") = "Contacts", "Contacts\Contacts.csproj", "{583726BF-33FE-474D-909B-4760BB900404}"
EndProject
Global
	GlobalSection(SolutionConfigurationPlatforms) = preSolution
		Debug|Any CPU = Debug|Any CPU
		Release|Any CPU = Release|Any CPU
	EndGlobalSection
	GlobalSection(ProjectConfigurationPlatforms) = postSolution
		{0B72AB3D-AAAE-4CAF-A118-EF1B1439AD10}.Debug|Any CPU.ActiveCfg = Debug|Any CPU
		{0B72AB3D-AAAE-4CAF-A118-EF1B1439AD10}.Debug|Any CPU.Build.0 = Debug|Any CPU
		{0B72AB3D-AAAE-4CAF-A118-EF1B1439AD10}.Release|Any CPU.ActiveCfg = Release|Any CPU
		{0B72AB3D-AAAE-4CAF-A118-EF1B1439AD10}.Release|Any CPU.Build.0 = Release|Any CPU
		{583726BF-33FE-474D-909B-4760BB900404}.Debug|Any CPU.ActiveCfg = Debug|Any CPU
		{583726BF-33FE-474D-909B-4760BB900404}.Debug|Any CPU.Build.0 = Debug|Any CPU
		{583726BF-33FE-474D-909B-4760BB900404}.Release|Any CPU.ActiveCfg = Release|Any CPU
		{583726BF-33FE-474D-909B-4760BB900404}.Release|Any CPU.Build.0 = Release|Any CPU
	EndGlobalSection
	GlobalSection(SolutionProperties) = preSolution
		HideSolutionNode = FALSE
	EndGlobalSection
EndGlobal
